
Microsoft Visual Studio Solution File, Format Version 12.00
# Visual Studio Version 16
VisualStudioVersion = 16.0.32802.440
MinimumVisualStudioVersion = 10.0.40219.1
Project("{9A19103F-16F7-4668-BE54-9A1E7A4F7556}") = "Capa_Presentación", "Clinica_Medica\Capa_Presentación.csproj", "{F1391B5F-07DF-4C52-A723-9F8017F0823F}"
EndProject
Project("{9A19103F-16F7-4668-BE54-9A1E7A4F7556}") = "Capa_AccesoDatos", "Capa_AccesoDatos\Capa_AccesoDatos.csproj", "{C31CC9C1-012F-4753-BDFF-B3925E97AAB5}"
EndProject
Project("{9A19103F-16F7-4668-BE54-9A1E7A4F7556}") = "Capa_LogicaNegocio", "Capa_LogicaNegocio\Capa_LogicaNegocio.csproj", "{4FF940CE-F49B-4DA7-8FC3-4A46421C778E}"
EndProject
Project("{9A19103F-16F7-4668-BE54-9A1E7A4F7556}") = "Capa_Entidades", "Capa_Entidades\Capa_Entidades.csproj", "{6D301C80-D4C0-4D4B-A448-B766BE2CA96B}"
EndProject
Project("{FAE04EC0-301F-11D3-BF4B-00C04F79EFBC}") = "SitioWeb", "SitioWeb\SitioWeb.csproj", "{3380024D-9554-425A-B45C-8793C448D34A}"
EndProject
Global
	GlobalSection(SolutionConfigurationPlatforms) = preSolution
		Debug|Any CPU = Debug|Any CPU
		Release|Any CPU = Release|Any CPU
	EndGlobalSection
	GlobalSection(ProjectConfigurationPlatforms) = postSolution
		{F1391B5F-07DF-4C52-A723-9F8017F0823F}.Debug|Any CPU.ActiveCfg = Debug|Any CPU
		{F1391B5F-07DF-4C52-A723-9F8017F0823F}.Debug|Any CPU.Build.0 = Debug|Any CPU
		{F1391B5F-07DF-4C52-A723-9F8017F0823F}.Release|Any CPU.ActiveCfg = Release|Any CPU
		{F1391B5F-07DF-4C52-A723-9F8017F0823F}.Release|Any CPU.Build.0 = Release|Any CPU
		{C31CC9C1-012F-4753-BDFF-B3925E97AAB5}.Debug|Any CPU.ActiveCfg = Debug|Any CPU
		{C31CC9C1-012F-4753-BDFF-B3925E97AAB5}.Debug|Any CPU.Build.0 = Debug|Any CPU
		{C31CC9C1-012F-4753-BDFF-B3925E97AAB5}.Release|Any CPU.ActiveCfg = Release|Any CPU
		{C31CC9C1-012F-4753-BDFF-B3925E97AAB5}.Release|Any CPU.Build.0 = Release|Any CPU
		{4FF940CE-F49B-4DA7-8FC3-4A46421C778E}.Debug|Any CPU.ActiveCfg = Debug|Any CPU
		{4FF940CE-F49B-4DA7-8FC3-4A46421C778E}.Debug|Any CPU.Build.0 = Debug|Any CPU
		{4FF940CE-F49B-4DA7-8FC3-4A46421C778E}.Release|Any CPU.ActiveCfg = Release|Any CPU
		{4FF940CE-F49B-4DA7-8FC3-4A46421C778E}.Release|Any CPU.Build.0 = Release|Any CPU
		{6D301C80-D4C0-4D4B-A448-B766BE2CA96B}.Debug|Any CPU.ActiveCfg = Debug|Any CPU
		{6D301C80-D4C0-4D4B-A448-B766BE2CA96B}.Debug|Any CPU.Build.0 = Debug|Any CPU
		{6D301C80-D4C0-4D4B-A448-B766BE2CA96B}.Release|Any CPU.ActiveCfg = Release|Any CPU
		{6D301C80-D4C0-4D4B-A448-B766BE2CA96B}.Release|Any CPU.Build.0 = Release|Any CPU
		{3380024D-9554-425A-B45C-8793C448D34A}.Debug|Any CPU.ActiveCfg = Debug|Any CPU
		{3380024D-9554-425A-B45C-8793C448D34A}.Debug|Any CPU.Build.0 = Debug|Any CPU
		{3380024D-9554-425A-B45C-8793C448D34A}.Release|Any CPU.ActiveCfg = Release|Any CPU
		{3380024D-9554-425A-B45C-8793C448D34A}.Release|Any CPU.Build.0 = Release|Any CPU
	EndGlobalSection
	GlobalSection(SolutionProperties) = preSolution
		HideSolutionNode = FALSE
	EndGlobalSection
	GlobalSection(ExtensibilityGlobals) = postSolution
		SolutionGuid = {413E7947-0867-4678-8AF5-1F57A8012961}
	EndGlobalSection
EndGlobal
